
Microsoft Visual Studio Solution File, Format Version 12.00
# Visual Studio Version 17
VisualStudioVersion = 17.2.32630.192
MinimumVisualStudioVersion = 10.0.40219.1
Project("{FAE04EC0-301F-11D3-BF4B-00C04F79EFBC}") = "Proje10_Coections_ArrayList", "Proje10_Coections_ArrayList.csproj", "{9066AA96-D0BF-421D-AC75-DE3B7BCF938E}"
EndProject
Global
	GlobalSection(SolutionConfigurationPlatforms) = preSolution
		Debug|Any CPU = Debug|Any CPU
		Release|Any CPU = Release|Any CPU
	EndGlobalSection
	GlobalSection(ProjectConfigurationPlatforms) = postSolution
		{9066AA96-D0BF-421D-AC75-DE3B7BCF938E}.Debug|Any CPU.ActiveCfg = Debug|Any CPU
		{9066AA96-D0BF-421D-AC75-DE3B7BCF938E}.Debug|Any CPU.Build.0 = Debug|Any CPU
		{9066AA96-D0BF-421D-AC75-DE3B7BCF938E}.Release|Any CPU.ActiveCfg = Release|Any CPU
		{9066AA96-D0BF-421D-AC75-DE3B7BCF938E}.Release|Any CPU.Build.0 = Release|Any CPU
	EndGlobalSection
	GlobalSection(SolutionProperties) = preSolution
		HideSolutionNode = FALSE
	EndGlobalSection
	GlobalSection(ExtensibilityGlobals) = postSolution
		SolutionGuid = {1891FCE5-AAF7-4FC9-80A3-3560D28C4286}
	EndGlobalSection
EndGlobal
