
Microsoft Visual Studio Solution File, Format Version 12.00
# Visual Studio Version 17
VisualStudioVersion = 17.2.32630.192
MinimumVisualStudioVersion = 10.0.40219.1
Project("{FAE04EC0-301F-11D3-BF4B-00C04F79EFBC}") = "Proje02_Metot", "Proje02_Metot.csproj", "{19837B9B-8FBB-4511-9791-89BEFD41EFAD}"
EndProject
Global
	GlobalSection(SolutionConfigurationPlatforms) = preSolution
		Debug|Any CPU = Debug|Any CPU
		Release|Any CPU = Release|Any CPU
	EndGlobalSection
	GlobalSection(ProjectConfigurationPlatforms) = postSolution
		{19837B9B-8FBB-4511-9791-89BEFD41EFAD}.Debug|Any CPU.ActiveCfg = Debug|Any CPU
		{19837B9B-8FBB-4511-9791-89BEFD41EFAD}.Debug|Any CPU.Build.0 = Debug|Any CPU
		{19837B9B-8FBB-4511-9791-89BEFD41EFAD}.Release|Any CPU.ActiveCfg = Release|Any CPU
		{19837B9B-8FBB-4511-9791-89BEFD41EFAD}.Release|Any CPU.Build.0 = Release|Any CPU
	EndGlobalSection
	GlobalSection(SolutionProperties) = preSolution
		HideSolutionNode = FALSE
	EndGlobalSection
	GlobalSection(ExtensibilityGlobals) = postSolution
		SolutionGuid = {95BA735C-AD0D-486A-A584-968609D33A1C}
	EndGlobalSection
EndGlobal
