
Microsoft Visual Studio Solution File, Format Version 12.00
# Visual Studio Version 17
VisualStudioVersion = 17.4.33122.133
MinimumVisualStudioVersion = 10.0.40219.1
Project("{FAE04EC0-301F-11D3-BF4B-00C04F79EFBC}") = "YemekTarifiSitesi", "YemekTarifiSitesi.csproj", "{77A30598-9246-462D-B793-146AB507ABA3}"
EndProject
Global
	GlobalSection(SolutionConfigurationPlatforms) = preSolution
		Debug|Any CPU = Debug|Any CPU
		Release|Any CPU = Release|Any CPU
	EndGlobalSection
	GlobalSection(ProjectConfigurationPlatforms) = postSolution
		{77A30598-9246-462D-B793-146AB507ABA3}.Debug|Any CPU.ActiveCfg = Debug|Any CPU
		{77A30598-9246-462D-B793-146AB507ABA3}.Debug|Any CPU.Build.0 = Debug|Any CPU
		{77A30598-9246-462D-B793-146AB507ABA3}.Release|Any CPU.ActiveCfg = Release|Any CPU
		{77A30598-9246-462D-B793-146AB507ABA3}.Release|Any CPU.Build.0 = Release|Any CPU
	EndGlobalSection
	GlobalSection(SolutionProperties) = preSolution
		HideSolutionNode = FALSE
	EndGlobalSection
	GlobalSection(ExtensibilityGlobals) = postSolution
		SolutionGuid = {E7BEEDAA-7DFE-45AC-AF8B-CE921E34D492}
	EndGlobalSection
EndGlobal
