
Microsoft Visual Studio Solution File, Format Version 12.00
# Visual Studio Version 17
VisualStudioVersion = 17.2.32630.192
MinimumVisualStudioVersion = 10.0.40219.1
Project("{FAE04EC0-301F-11D3-BF4B-00C04F79EFBC}") = "DERS_13_BOO_VERITIPI", "DERS_13_BOO_VERITIPI.csproj", "{810F257A-2E08-4E47-8188-9BBE74879D9A}"
EndProject
Project("{FAE04EC0-301F-11D3-BF4B-00C04F79EFBC}") = "DERS_14_OBJECT_VERITIPI", "..\DERS_14_OBJECT_VERITIPI\DERS_14_OBJECT_VERITIPI.csproj", "{2E508B88-15B0-44CE-A517-FC81B710F867}"
EndProject
Global
	GlobalSection(SolutionConfigurationPlatforms) = preSolution
		Debug|Any CPU = Debug|Any CPU
		Release|Any CPU = Release|Any CPU
	EndGlobalSection
	GlobalSection(ProjectConfigurationPlatforms) = postSolution
		{810F257A-2E08-4E47-8188-9BBE74879D9A}.Debug|Any CPU.ActiveCfg = Debug|Any CPU
		{810F257A-2E08-4E47-8188-9BBE74879D9A}.Debug|Any CPU.Build.0 = Debug|Any CPU
		{810F257A-2E08-4E47-8188-9BBE74879D9A}.Release|Any CPU.ActiveCfg = Release|Any CPU
		{810F257A-2E08-4E47-8188-9BBE74879D9A}.Release|Any CPU.Build.0 = Release|Any CPU
		{2E508B88-15B0-44CE-A517-FC81B710F867}.Debug|Any CPU.ActiveCfg = Debug|Any CPU
		{2E508B88-15B0-44CE-A517-FC81B710F867}.Debug|Any CPU.Build.0 = Debug|Any CPU
		{2E508B88-15B0-44CE-A517-FC81B710F867}.Release|Any CPU.ActiveCfg = Release|Any CPU
		{2E508B88-15B0-44CE-A517-FC81B710F867}.Release|Any CPU.Build.0 = Release|Any CPU
	EndGlobalSection
	GlobalSection(SolutionProperties) = preSolution
		HideSolutionNode = FALSE
	EndGlobalSection
	GlobalSection(ExtensibilityGlobals) = postSolution
		SolutionGuid = {2C1AA873-2340-46AD-BC0C-4CD02A900B60}
	EndGlobalSection
EndGlobal
