
Microsoft Visual Studio Solution File, Format Version 12.00
# Visual Studio Version 17
VisualStudioVersion = 17.2.32630.192
MinimumVisualStudioVersion = 10.0.40219.1
Project("{FAE04EC0-301F-11D3-BF4B-00C04F79EFBC}") = "Proje01_Class_Field_property_Uygulama", "Proje01_Class_Field_property_Uygulama.csproj", "{7C68BD56-C885-4A42-A777-4017D7AAAF4E}"
EndProject
Global
	GlobalSection(SolutionConfigurationPlatforms) = preSolution
		Debug|Any CPU = Debug|Any CPU
		Release|Any CPU = Release|Any CPU
	EndGlobalSection
	GlobalSection(ProjectConfigurationPlatforms) = postSolution
		{7C68BD56-C885-4A42-A777-4017D7AAAF4E}.Debug|Any CPU.ActiveCfg = Debug|Any CPU
		{7C68BD56-C885-4A42-A777-4017D7AAAF4E}.Debug|Any CPU.Build.0 = Debug|Any CPU
		{7C68BD56-C885-4A42-A777-4017D7AAAF4E}.Release|Any CPU.ActiveCfg = Release|Any CPU
		{7C68BD56-C885-4A42-A777-4017D7AAAF4E}.Release|Any CPU.Build.0 = Release|Any CPU
	EndGlobalSection
	GlobalSection(SolutionProperties) = preSolution
		HideSolutionNode = FALSE
	EndGlobalSection
	GlobalSection(ExtensibilityGlobals) = postSolution
		SolutionGuid = {61DDA24E-3EAE-421C-B076-7EC8AE2A6943}
	EndGlobalSection
EndGlobal
