
Microsoft Visual Studio Solution File, Format Version 12.00
# Visual Studio Version 17
VisualStudioVersion = 17.2.32630.192
MinimumVisualStudioVersion = 10.0.40219.1
Project("{FAE04EC0-301F-11D3-BF4B-00C04F79EFBC}") = "Proje07_Construction_Methods", "Proje07_Construction_Methods.csproj", "{47D3ABC9-5D6B-4BE2-A9B0-F78B2735C0A7}"
EndProject
Global
	GlobalSection(SolutionConfigurationPlatforms) = preSolution
		Debug|Any CPU = Debug|Any CPU
		Release|Any CPU = Release|Any CPU
	EndGlobalSection
	GlobalSection(ProjectConfigurationPlatforms) = postSolution
		{47D3ABC9-5D6B-4BE2-A9B0-F78B2735C0A7}.Debug|Any CPU.ActiveCfg = Debug|Any CPU
		{47D3ABC9-5D6B-4BE2-A9B0-F78B2735C0A7}.Debug|Any CPU.Build.0 = Debug|Any CPU
		{47D3ABC9-5D6B-4BE2-A9B0-F78B2735C0A7}.Release|Any CPU.ActiveCfg = Release|Any CPU
		{47D3ABC9-5D6B-4BE2-A9B0-F78B2735C0A7}.Release|Any CPU.Build.0 = Release|Any CPU
	EndGlobalSection
	GlobalSection(SolutionProperties) = preSolution
		HideSolutionNode = FALSE
	EndGlobalSection
	GlobalSection(ExtensibilityGlobals) = postSolution
		SolutionGuid = {DBD9130A-86D9-4DF5-AD44-B60C64BFA19C}
	EndGlobalSection
EndGlobal
