
Microsoft Visual Studio Solution File, Format Version 12.00
# Visual Studio Version 17
VisualStudioVersion = 17.2.32630.192
MinimumVisualStudioVersion = 10.0.40219.1
Project("{FAE04EC0-301F-11D3-BF4B-00C04F79EFBC}") = "Proje11_For", "Proje11_For.csproj", "{C9A9FACE-4067-4401-9A89-8025D2140596}"
EndProject
Global
	GlobalSection(SolutionConfigurationPlatforms) = preSolution
		Debug|Any CPU = Debug|Any CPU
		Release|Any CPU = Release|Any CPU
	EndGlobalSection
	GlobalSection(ProjectConfigurationPlatforms) = postSolution
		{C9A9FACE-4067-4401-9A89-8025D2140596}.Debug|Any CPU.ActiveCfg = Debug|Any CPU
		{C9A9FACE-4067-4401-9A89-8025D2140596}.Debug|Any CPU.Build.0 = Debug|Any CPU
		{C9A9FACE-4067-4401-9A89-8025D2140596}.Release|Any CPU.ActiveCfg = Release|Any CPU
		{C9A9FACE-4067-4401-9A89-8025D2140596}.Release|Any CPU.Build.0 = Release|Any CPU
	EndGlobalSection
	GlobalSection(SolutionProperties) = preSolution
		HideSolutionNode = FALSE
	EndGlobalSection
	GlobalSection(ExtensibilityGlobals) = postSolution
		SolutionGuid = {F9DD3CEB-3BB9-41AA-86C2-FC019B87BF51}
	EndGlobalSection
EndGlobal
